
Microsoft Visual Studio Solution File, Format Version 12.00
# Visual Studio Version 16
VisualStudioVersion = 16.0.29102.190
MinimumVisualStudioVersion = 10.0.40219.1
Project("{FAE04EC0-301F-11D3-BF4B-00C04F79EFBC}") = "CodeNotebook", "CodeNotebook\CodeNotebook.csproj", "{202D4186-912C-4096-A709-8772A72A511E}"
EndProject
Project("{FAE04EC0-301F-11D3-BF4B-00C04F79EFBC}") = "CodeNotebook.Test", "CodeNotebook.Test\CodeNotebook.Test.csproj", "{F399C9F5-809C-4AA6-B7F5-179FF312C4F9}"
EndProject
Global
	GlobalSection(SolutionConfigurationPlatforms) = preSolution
		Debug|Any CPU = Debug|Any CPU
		Release|Any CPU = Release|Any CPU
	EndGlobalSection
	GlobalSection(ProjectConfigurationPlatforms) = postSolution
		{202D4186-912C-4096-A709-8772A72A511E}.Debug|Any CPU.ActiveCfg = Debug|Any CPU
		{202D4186-912C-4096-A709-8772A72A511E}.Debug|Any CPU.Build.0 = Debug|Any CPU
		{202D4186-912C-4096-A709-8772A72A511E}.Release|Any CPU.ActiveCfg = Release|Any CPU
		{202D4186-912C-4096-A709-8772A72A511E}.Release|Any CPU.Build.0 = Release|Any CPU
		{F399C9F5-809C-4AA6-B7F5-179FF312C4F9}.Debug|Any CPU.ActiveCfg = Debug|Any CPU
		{F399C9F5-809C-4AA6-B7F5-179FF312C4F9}.Debug|Any CPU.Build.0 = Debug|Any CPU
		{F399C9F5-809C-4AA6-B7F5-179FF312C4F9}.Release|Any CPU.ActiveCfg = Release|Any CPU
		{F399C9F5-809C-4AA6-B7F5-179FF312C4F9}.Release|Any CPU.Build.0 = Release|Any CPU
	EndGlobalSection
	GlobalSection(SolutionProperties) = preSolution
		HideSolutionNode = FALSE
	EndGlobalSection
	GlobalSection(ExtensibilityGlobals) = postSolution
		SolutionGuid = {E93537A5-6097-44CF-A17B-C60B96899A1B}
	EndGlobalSection
EndGlobal
